{
  "name": "pi-agent-config",
  "version": "0.0.1",
  "lockfileVersion": 3,
  "requires": true,
  "packages": {
    "": {
      "name": "pi-agent-config",
      "version": "0.0.1",
      "hasInstallScript": true,
      "devDependencies": {
        "typebox": "^1.1.38"
      },
      "peerDependencies": {
        "typebox": "*"
      },
      "peerDependenciesMeta": {
        "typebox": {
          "optional": true
        }
      }
    },
    "node_modules/typebox": {
      "version": "1.3.36",
      "resolved": "https://mirrors.cloud.tencent.com/npm/typebox/-/typebox-1.3.36.tgz",
      "integrity": "sha512-bu2Ec2Ti9B4IFSFj1FcZbtLNB/W7igQwxocMGJLAG2NTv1nI+ImtIA34YgHW4CVyGVlJqNXR1GJyLmdWgV3DuA==",
      "dev": true,
      "license": "MIT"
    }
  }
}
