{
	"name": "pi-web-fetch",
	"lockfileVersion": 3,
	"requires": true,
	"packages": {
		"": {
			"name": "pi-web-fetch",
			"dependencies": {
				"@mozilla/readability": "^0.5.0",
				"cloakbrowser": "^0.4.0",
				"defuddle": "^0.18.1",
				"linkedom": "^0.16.0",
				"playwright-core": "^1.60.0",
				"turndown": "^7.2.0",
				"undici": "^7.0.0",
				"unpdf": "^1.4.0"
			},
			"peerDependencies": {
				"playwright": "*"
			},
			"peerDependenciesMeta": {
				"playwright": {
					"optional": true
				}
			}
		},
		"node_modules/@isaacs/fs-minipass": {
			"version": "4.0.1",
			"resolved": "https://registry.npmmirror.com/@isaacs/fs-minipass/-/fs-minipass-4.0.1.tgz",
			"integrity": "sha512-wgm9Ehl2jpeqP3zw/7mo3kRHFp5MEDhqAdwy1fTGkHAwnkGOVsgpvQhL8B5n1qlb01jV3n/bI0ZfZp5lWA1k4w==",
			"license": "ISC",
			"dependencies": {
				"minipass": "^7.0.4"
			},
			"engines": {
				"node": ">=18.0.0"
			}
		},
		"node_modules/@mixmark-io/domino": {
			"version": "2.2.0",
			"resolved": "https://registry.npmmirror.com/@mixmark-io/domino/-/domino-2.2.0.tgz",
			"integrity": "sha512-Y28PR25bHXUg88kCV7nivXrP2Nj2RueZ3/l/jdx6J9f8J4nsEGcgX0Qe6lt7Pa+J79+kPiJU3LguR6O/6zrLOw==",
			"license": "BSD-2-Clause"
		},
		"node_modules/@mozilla/readability": {
			"version": "0.5.0",
			"resolved": "https://registry.npmmirror.com/@mozilla/readability/-/readability-0.5.0.tgz",
			"integrity": "sha512-Z+CZ3QaosfFaTqvhQsIktyGrjFjSC0Fa4EMph4mqKnWhmyoGICsV/8QK+8HpXut6zV7zwfWwqDmEjtk1Qf6EgQ==",
			"license": "Apache-2.0",
			"engines": {
				"node": ">=14.0.0"
			}
		},
		"node_modules/@xmldom/xmldom": {
			"version": "0.9.10",
			"resolved": "https://registry.npmmirror.com/@xmldom/xmldom/-/xmldom-0.9.10.tgz",
			"integrity": "sha512-A9gOqLdi6cV4ibazAjcQufGj0B1y/vDqYrcuP6d/6x8P27gRS8643Dj9o1dEKtB6O7fwxb2FgBmJS2mX7gpvdw==",
			"license": "MIT",
			"optional": true,
			"engines": {
				"node": ">=14.6"
			}
		},
		"node_modules/boolbase": {
			"version": "1.0.0",
			"resolved": "https://registry.npmmirror.com/boolbase/-/boolbase-1.0.0.tgz",
			"integrity": "sha512-JZOSA7Mo9sNGB8+UjSgzdLtokWAky1zbztM3WRLCbZ70/3cTANmQmOdR7y2g+J0e2WXywy1yS468tY+IruqEww==",
			"license": "ISC"
		},
		"node_modules/chownr": {
			"version": "3.0.0",
			"resolved": "https://registry.npmmirror.com/chownr/-/chownr-3.0.0.tgz",
			"integrity": "sha512-+IxzY9BZOQd/XuYPRmrvEVjF/nqj5kgT4kEq7VofrDoM1MxoRjEWkrCC3EtLi59TVawxTAn+orJwFQcrqEN1+g==",
			"license": "BlueOak-1.0.0",
			"engines": {
				"node": ">=18"
			}
		},
		"node_modules/cloakbrowser": {
			"version": "0.4.0",
			"resolved": "https://registry.npmmirror.com/cloakbrowser/-/cloakbrowser-0.4.0.tgz",
			"integrity": "sha512-wsILB3n2YZ3Moj2kHdF1agsso4L+9RFOFpKr50cjIZ6dUzpl0ikyKss6VVi201W2/U300o6TNQTm4AV46gwy1g==",
			"license": "MIT",
			"dependencies": {
				"tar": "^7.0.0"
			},
			"bin": {
				"cloakbrowser": "dist/cli.js"
			},
			"engines": {
				"node": ">=20.0.0"
			},
			"peerDependencies": {
				"mmdb-lib": ">=2.0.0",
				"playwright-core": ">=1.53.0",
				"puppeteer-core": ">=21.0.0",
				"socks-proxy-agent": ">=10.0.0"
			},
			"peerDependenciesMeta": {
				"mmdb-lib": {
					"optional": true
				},
				"playwright-core": {
					"optional": true
				},
				"puppeteer-core": {
					"optional": true
				},
				"socks-proxy-agent": {
					"optional": true
				}
			}
		},
		"node_modules/commander": {
			"version": "12.1.0",
			"resolved": "https://registry.npmmirror.com/commander/-/commander-12.1.0.tgz",
			"integrity": "sha512-Vw8qHK3bZM9y/P10u3Vib8o/DdkvA2OtPtZvD871QKjy74Wj1WSKFILMPRPSdUSx5RFK1arlJzEtA4PkFgnbuA==",
			"license": "MIT",
			"engines": {
				"node": ">=18"
			}
		},
		"node_modules/css-select": {
			"version": "5.2.2",
			"resolved": "https://registry.npmmirror.com/css-select/-/css-select-5.2.2.tgz",
			"integrity": "sha512-TizTzUddG/xYLA3NXodFM0fSbNizXjOKhqiQQwvhlspadZokn1KDy0NZFS0wuEubIYAV5/c1/lAr0TaaFXEXzw==",
			"license": "BSD-2-Clause",
			"dependencies": {
				"boolbase": "^1.0.0",
				"css-what": "^6.1.0",
				"domhandler": "^5.0.2",
				"domutils": "^3.0.1",
				"nth-check": "^2.0.1"
			},
			"funding": {
				"url": "https://github.com/sponsors/fb55"
			}
		},
		"node_modules/css-what": {
			"version": "6.2.2",
			"resolved": "https://registry.npmmirror.com/css-what/-/css-what-6.2.2.tgz",
			"integrity": "sha512-u/O3vwbptzhMs3L1fQE82ZSLHQQfto5gyZzwteVIEyeaY5Fc7R4dapF/BvRoSYFeqfBk4m0V1Vafq5Pjv25wvA==",
			"license": "BSD-2-Clause",
			"engines": {
				"node": ">= 6"
			},
			"funding": {
				"url": "https://github.com/sponsors/fb55"
			}
		},
		"node_modules/cssom": {
			"version": "0.5.0",
			"resolved": "https://registry.npmmirror.com/cssom/-/cssom-0.5.0.tgz",
			"integrity": "sha512-iKuQcq+NdHqlAcwUY0o/HL69XQrUaQdMjmStJ8JFmUaiiQErlhrmuigkg/CU4E2J0IyUKUrMAgl36TvN67MqTw==",
			"license": "MIT"
		},
		"node_modules/defuddle": {
			"version": "0.18.1",
			"resolved": "https://registry.npmmirror.com/defuddle/-/defuddle-0.18.1.tgz",
			"integrity": "sha512-AvFPFOsoDjt5xUOA1QxzafSSzJ5dqEIC63yO72tHYtSjj1DYY/XM0XTPUCsHkm5A2f1X9ulBvoSVFJrd4s2ckA==",
			"license": "MIT",
			"dependencies": {
				"commander": "^12.1.0"
			},
			"bin": {
				"defuddle": "dist/cli.js"
			},
			"optionalDependencies": {
				"linkedom": "^0.18.12",
				"mathml-to-latex": "^1.5.0",
				"temml": "^0.13.1",
				"turndown": "^7.2.0"
			}
		},
		"node_modules/defuddle/node_modules/entities": {
			"version": "7.0.1",
			"resolved": "https://registry.npmmirror.com/entities/-/entities-7.0.1.tgz",
			"integrity": "sha512-TWrgLOFUQTH994YUyl1yT4uyavY5nNB5muff+RtWaqNVCAK408b5ZnnbNAUEWLTCpum9w6arT70i1XdQ4UeOPA==",
			"license": "BSD-2-Clause",
			"optional": true,
			"engines": {
				"node": ">=0.12"
			},
			"funding": {
				"url": "https://github.com/fb55/entities?sponsor=1"
			}
		},
		"node_modules/defuddle/node_modules/htmlparser2": {
			"version": "10.1.0",
			"resolved": "https://registry.npmmirror.com/htmlparser2/-/htmlparser2-10.1.0.tgz",
			"integrity": "sha512-VTZkM9GWRAtEpveh7MSF6SjjrpNVNNVJfFup7xTY3UpFtm67foy9HDVXneLtFVt4pMz5kZtgNcvCniNFb1hlEQ==",
			"funding": [
				"https://github.com/fb55/htmlparser2?sponsor=1",
				{
					"type": "github",
					"url": "https://github.com/sponsors/fb55"
				}
			],
			"license": "MIT",
			"optional": true,
			"dependencies": {
				"domelementtype": "^2.3.0",
				"domhandler": "^5.0.3",
				"domutils": "^3.2.2",
				"entities": "^7.0.1"
			}
		},
		"node_modules/defuddle/node_modules/linkedom": {
			"version": "0.18.12",
			"resolved": "https://registry.npmmirror.com/linkedom/-/linkedom-0.18.12.tgz",
			"integrity": "sha512-jalJsOwIKuQJSeTvsgzPe9iJzyfVaEJiEXl+25EkKevsULHvMJzpNqwvj1jOESWdmgKDiXObyjOYwlUqG7wo1Q==",
			"license": "ISC",
			"optional": true,
			"dependencies": {
				"css-select": "^5.1.0",
				"cssom": "^0.5.0",
				"html-escaper": "^3.0.3",
				"htmlparser2": "^10.0.0",
				"uhyphen": "^0.2.0"
			},
			"engines": {
				"node": ">=16"
			},
			"peerDependencies": {
				"canvas": ">= 2"
			},
			"peerDependenciesMeta": {
				"canvas": {
					"optional": true
				}
			}
		},
		"node_modules/dom-serializer": {
			"version": "2.0.0",
			"resolved": "https://registry.npmmirror.com/dom-serializer/-/dom-serializer-2.0.0.tgz",
			"integrity": "sha512-wIkAryiqt/nV5EQKqQpo3SToSOV9J0DnbJqwK7Wv/Trc92zIAYZ4FlMu+JPFW1DfGFt81ZTCGgDEabffXeLyJg==",
			"license": "MIT",
			"dependencies": {
				"domelementtype": "^2.3.0",
				"domhandler": "^5.0.2",
				"entities": "^4.2.0"
			},
			"funding": {
				"url": "https://github.com/cheeriojs/dom-serializer?sponsor=1"
			}
		},
		"node_modules/domelementtype": {
			"version": "2.3.0",
			"resolved": "https://registry.npmmirror.com/domelementtype/-/domelementtype-2.3.0.tgz",
			"integrity": "sha512-OLETBj6w0OsagBwdXnPdN0cnMfF9opN69co+7ZrbfPGrdpPVNBUj02spi6B1N7wChLQiPn4CSH/zJvXw56gmHw==",
			"funding": [
				{
					"type": "github",
					"url": "https://github.com/sponsors/fb55"
				}
			],
			"license": "BSD-2-Clause"
		},
		"node_modules/domhandler": {
			"version": "5.0.3",
			"resolved": "https://registry.npmmirror.com/domhandler/-/domhandler-5.0.3.tgz",
			"integrity": "sha512-cgwlv/1iFQiFnU96XXgROh8xTeetsnJiDsTc7TYCLFd9+/WNkIqPTxiM/8pSd8VIrhXGTf1Ny1q1hquVqDJB5w==",
			"license": "BSD-2-Clause",
			"dependencies": {
				"domelementtype": "^2.3.0"
			},
			"engines": {
				"node": ">= 4"
			},
			"funding": {
				"url": "https://github.com/fb55/domhandler?sponsor=1"
			}
		},
		"node_modules/domutils": {
			"version": "3.2.2",
			"resolved": "https://registry.npmmirror.com/domutils/-/domutils-3.2.2.tgz",
			"integrity": "sha512-6kZKyUajlDuqlHKVX1w7gyslj9MPIXzIFiz/rGu35uC1wMi+kMhQwGhl4lt9unC9Vb9INnY9Z3/ZA3+FhASLaw==",
			"license": "BSD-2-Clause",
			"dependencies": {
				"dom-serializer": "^2.0.0",
				"domelementtype": "^2.3.0",
				"domhandler": "^5.0.3"
			},
			"funding": {
				"url": "https://github.com/fb55/domutils?sponsor=1"
			}
		},
		"node_modules/entities": {
			"version": "4.5.0",
			"resolved": "https://registry.npmmirror.com/entities/-/entities-4.5.0.tgz",
			"integrity": "sha512-V0hjH4dGPh9Ao5p0MoRY6BVqtwCjhz6vI5LT8AJ55H+4g9/4vbHx1I54fS0XuclLhDHArPQCiMjDxjaL8fPxhw==",
			"license": "BSD-2-Clause",
			"engines": {
				"node": ">=0.12"
			},
			"funding": {
				"url": "https://github.com/fb55/entities?sponsor=1"
			}
		},
		"node_modules/html-escaper": {
			"version": "3.0.3",
			"resolved": "https://registry.npmmirror.com/html-escaper/-/html-escaper-3.0.3.tgz",
			"integrity": "sha512-RuMffC89BOWQoY0WKGpIhn5gX3iI54O6nRA0yC124NYVtzjmFWBIiFd8M0x+ZdX0P9R4lADg1mgP8C7PxGOWuQ==",
			"license": "MIT"
		},
		"node_modules/htmlparser2": {
			"version": "9.1.0",
			"resolved": "https://registry.npmmirror.com/htmlparser2/-/htmlparser2-9.1.0.tgz",
			"integrity": "sha512-5zfg6mHUoaer/97TxnGpxmbR7zJtPwIYFMZ/H5ucTlPZhKvtum05yiPK3Mgai3a0DyVxv7qYqoweaEd2nrYQzQ==",
			"funding": [
				"https://github.com/fb55/htmlparser2?sponsor=1",
				{
					"type": "github",
					"url": "https://github.com/sponsors/fb55"
				}
			],
			"license": "MIT",
			"dependencies": {
				"domelementtype": "^2.3.0",
				"domhandler": "^5.0.3",
				"domutils": "^3.1.0",
				"entities": "^4.5.0"
			}
		},
		"node_modules/linkedom": {
			"version": "0.16.11",
			"resolved": "https://registry.npmmirror.com/linkedom/-/linkedom-0.16.11.tgz",
			"integrity": "sha512-WgaTVbj7itjyXTsCvgerpneERXShcnNJF5VIV+/4SLtyRLN+HppPre/WDHRofAr2IpEuujSNgJbCBd5lMl6lRw==",
			"license": "ISC",
			"dependencies": {
				"css-select": "^5.1.0",
				"cssom": "^0.5.0",
				"html-escaper": "^3.0.3",
				"htmlparser2": "^9.1.0",
				"uhyphen": "^0.2.0"
			}
		},
		"node_modules/mathml-to-latex": {
			"version": "1.8.0",
			"resolved": "https://registry.npmmirror.com/mathml-to-latex/-/mathml-to-latex-1.8.0.tgz",
			"integrity": "sha512-gQ0uK3zqB8HwlfaXJkEL5rgaZNbKUiBMmBP/B/W+b+t6KcseLSuYb1b0BjLgS9ZiQa24ePkqTX8/6FaQuDL7wQ==",
			"license": "MIT",
			"optional": true,
			"dependencies": {
				"@xmldom/xmldom": "^0.9.10"
			}
		},
		"node_modules/minipass": {
			"version": "7.1.3",
			"resolved": "https://registry.npmmirror.com/minipass/-/minipass-7.1.3.tgz",
			"integrity": "sha512-tEBHqDnIoM/1rXME1zgka9g6Q2lcoCkxHLuc7ODJ5BxbP5d4c2Z5cGgtXAku59200Cx7diuHTOYfSBD8n6mm8A==",
			"license": "BlueOak-1.0.0",
			"engines": {
				"node": ">=16 || 14 >=14.17"
			}
		},
		"node_modules/minizlib": {
			"version": "3.1.0",
			"resolved": "https://registry.npmmirror.com/minizlib/-/minizlib-3.1.0.tgz",
			"integrity": "sha512-KZxYo1BUkWD2TVFLr0MQoM8vUUigWD3LlD83a/75BqC+4qE0Hb1Vo5v1FgcfaNXvfXzr+5EhQ6ing/CaBijTlw==",
			"license": "MIT",
			"dependencies": {
				"minipass": "^7.1.2"
			},
			"engines": {
				"node": ">= 18"
			}
		},
		"node_modules/nth-check": {
			"version": "2.1.1",
			"resolved": "https://registry.npmmirror.com/nth-check/-/nth-check-2.1.1.tgz",
			"integrity": "sha512-lqjrjmaOoAnWfMmBPL+XNnynZh2+swxiX3WUE0s4yEHI6m+AwrK2UZOimIRl3X/4QctVqS8AiZjFqyOGrMXb/w==",
			"license": "BSD-2-Clause",
			"dependencies": {
				"boolbase": "^1.0.0"
			},
			"funding": {
				"url": "https://github.com/fb55/nth-check?sponsor=1"
			}
		},
		"node_modules/playwright-core": {
			"version": "1.61.0",
			"resolved": "https://registry.npmmirror.com/playwright-core/-/playwright-core-1.61.0.tgz",
			"integrity": "sha512-caX7TrY3Ml6egyDX0WUcTHDxodl/b51y5wJOdCEA36QviK/s2g081hvmGs8eaE3DWb6NYZQ6BjO/QkNRPenoPA==",
			"license": "Apache-2.0",
			"bin": {
				"playwright-core": "cli.js"
			},
			"engines": {
				"node": ">=18"
			}
		},
		"node_modules/tar": {
			"version": "7.5.16",
			"resolved": "https://registry.npmmirror.com/tar/-/tar-7.5.16.tgz",
			"integrity": "sha512-56adEpPMouktRlBLXiaYFFzZ/3+JXa8P9n7WbR+ibIjtviN55mEaOkiysCnPnWm+7kkui1Dn8J9l+g6zV8731w==",
			"license": "BlueOak-1.0.0",
			"dependencies": {
				"@isaacs/fs-minipass": "^4.0.0",
				"chownr": "^3.0.0",
				"minipass": "^7.1.2",
				"minizlib": "^3.1.0",
				"yallist": "^5.0.0"
			},
			"engines": {
				"node": ">=18"
			}
		},
		"node_modules/temml": {
			"version": "0.13.3",
			"resolved": "https://registry.npmmirror.com/temml/-/temml-0.13.3.tgz",
			"integrity": "sha512-GLNEdf5qBWux3adbOxFus4jlds8nCdEIkkKq99m/4GGTfqnsjlVlK/i371Ux7yYSg/WNmOyAkNT/GJlZoJ0v+w==",
			"license": "MIT",
			"optional": true,
			"engines": {
				"node": ">=18.13.0"
			}
		},
		"node_modules/turndown": {
			"version": "7.2.4",
			"resolved": "https://registry.npmmirror.com/turndown/-/turndown-7.2.4.tgz",
			"integrity": "sha512-I8yFsfRzmzK0WV1pNNOA4A7y4RDfFxPRxb3t+e3ui14qSGOxGtiSP6GjeX+Y6CHb7HYaFj7ECUD7VE5kQMZWGQ==",
			"license": "MIT",
			"dependencies": {
				"@mixmark-io/domino": "^2.2.0"
			},
			"engines": {
				"node": ">=18",
				"npm": ">=9"
			}
		},
		"node_modules/uhyphen": {
			"version": "0.2.0",
			"resolved": "https://registry.npmmirror.com/uhyphen/-/uhyphen-0.2.0.tgz",
			"integrity": "sha512-qz3o9CHXmJJPGBdqzab7qAYuW8kQGKNEuoHFYrBwV6hWIMcpAmxDLXojcHfFr9US1Pe6zUswEIJIbLI610fuqA==",
			"license": "ISC"
		},
		"node_modules/undici": {
			"version": "7.28.0",
			"resolved": "https://registry.npmmirror.com/undici/-/undici-7.28.0.tgz",
			"integrity": "sha512-cRZYrTDwWznlnRiPjggAGxZXanty6M8RV1ff8Wm4LWXBp7/IG8v5DnOm74DtUBp9OONpK75YlPnIjQqX0dBDtA==",
			"license": "MIT",
			"engines": {
				"node": ">=20.18.1"
			}
		},
		"node_modules/unpdf": {
			"version": "1.6.2",
			"resolved": "https://registry.npmmirror.com/unpdf/-/unpdf-1.6.2.tgz",
			"integrity": "sha512-zQ80ySoPuPHOsvIoRp/nJyQt8TOUoTh1+WBCGcBvlddQNgKDLRwm0AY3x8Q35I7+kIiRSgqMx+Ma2pl9McIp7A==",
			"license": "MIT",
			"peerDependencies": {
				"@napi-rs/canvas": "^0.1.69"
			},
			"peerDependenciesMeta": {
				"@napi-rs/canvas": {
					"optional": true
				}
			}
		},
		"node_modules/yallist": {
			"version": "5.0.0",
			"resolved": "https://registry.npmmirror.com/yallist/-/yallist-5.0.0.tgz",
			"integrity": "sha512-YgvUTfwqyc7UXVMrB+SImsVYSmTS8X/tSrtdNZMImM+n7+QTriRXyXim0mBrTXNeqzVF0KWGgHPeiyViFFrNDw==",
			"license": "BlueOak-1.0.0",
			"engines": {
				"node": ">=18"
			}
		}
	}
}
