{
	"name": "pi-dictation",
	"lockfileVersion": 3,
	"requires": true,
	"packages": {
		"": {
			"name": "pi-dictation",
			"dependencies": {
				"sherpa-onnx": "^1.13.8"
			}
		},
		"node_modules/sherpa-onnx": {
			"version": "1.13.8",
			"resolved": "https://mirrors.cloud.tencent.com/npm/sherpa-onnx/-/sherpa-onnx-1.13.8.tgz",
			"integrity": "sha512-bsZ7K55hNakFbCVIrCsuwEFLLiWa/1/KI6dXEK3CwtI6N/j/Zc1LMheo1syMJhG0e4gu7MXPwbtKfbm44BQYIg==",
			"license": "Apache-2.0"
		}
	}
}
